
Microsoft Visual Studio Solution File, Format Version 12.00
# Visual Studio Version 16
VisualStudioVersion = 16.0.30413.136
MinimumVisualStudioVersion = 10.0.40219.1
Project("{FAE04EC0-301F-11D3-BF4B-00C04F79EFBC}") = "ConsoleApp8", "ConsoleApp8\ConsoleApp8.csproj", "{C57B1D3A-BCAA-4271-A41A-B28D8F17592C}"
EndProject
Project("{FAE04EC0-301F-11D3-BF4B-00C04F79EFBC}") = "ConsoleApp9", "ConsoleApp9\ConsoleApp9.csproj", "{CDDC0DE0-722E-4C72-948D-29A99600FA8A}"
EndProject
Project("{FAE04EC0-301F-11D3-BF4B-00C04F79EFBC}") = "WindowsFormsApp10", "WindowsFormsApp10\WindowsFormsApp10.csproj", "{463EC2FA-B7BF-4E53-BEFC-6E46C53086BB}"
EndProject
Global
	GlobalSection(SolutionConfigurationPlatforms) = preSolution
		Debug|Any CPU = Debug|Any CPU
		Release|Any CPU = Release|Any CPU
	EndGlobalSection
	GlobalSection(ProjectConfigurationPlatforms) = postSolution
		{C57B1D3A-BCAA-4271-A41A-B28D8F17592C}.Debug|Any CPU.ActiveCfg = Debug|Any CPU
		{C57B1D3A-BCAA-4271-A41A-B28D8F17592C}.Debug|Any CPU.Build.0 = Debug|Any CPU
		{C57B1D3A-BCAA-4271-A41A-B28D8F17592C}.Release|Any CPU.ActiveCfg = Release|Any CPU
		{C57B1D3A-BCAA-4271-A41A-B28D8F17592C}.Release|Any CPU.Build.0 = Release|Any CPU
		{CDDC0DE0-722E-4C72-948D-29A99600FA8A}.Debug|Any CPU.ActiveCfg = Debug|Any CPU
		{CDDC0DE0-722E-4C72-948D-29A99600FA8A}.Debug|Any CPU.Build.0 = Debug|Any CPU
		{CDDC0DE0-722E-4C72-948D-29A99600FA8A}.Release|Any CPU.ActiveCfg = Release|Any CPU
		{CDDC0DE0-722E-4C72-948D-29A99600FA8A}.Release|Any CPU.Build.0 = Release|Any CPU
		{463EC2FA-B7BF-4E53-BEFC-6E46C53086BB}.Debug|Any CPU.ActiveCfg = Debug|Any CPU
		{463EC2FA-B7BF-4E53-BEFC-6E46C53086BB}.Debug|Any CPU.Build.0 = Debug|Any CPU
		{463EC2FA-B7BF-4E53-BEFC-6E46C53086BB}.Release|Any CPU.ActiveCfg = Release|Any CPU
		{463EC2FA-B7BF-4E53-BEFC-6E46C53086BB}.Release|Any CPU.Build.0 = Release|Any CPU
	EndGlobalSection
	GlobalSection(SolutionProperties) = preSolution
		HideSolutionNode = FALSE
	EndGlobalSection
	GlobalSection(ExtensibilityGlobals) = postSolution
		SolutionGuid = {DE73B9B8-2937-40E0-BC47-89B2C991B1A3}
	EndGlobalSection
EndGlobal
